// !$*UTF8*$!
{
	archiveVersion = 1;
	classes = {
	};
	objectVersion = 77;
	objects = {

/* Begin PBXBuildFile section */
		03B5438104B0D5A92C92FB85 /* EnergyTradeIsland.swift in Sources */ = {isa = PBXBuildFile; fileRef = 2CE4C841FD96CAAD5888CEF2 /* EnergyTradeIsland.swift */; };
		1AF977C3403EFCE95D8B8D2F /* EnergyTradeAttributes.swift in Sources */ = {isa = PBXBuildFile; fileRef = EE3759935088A511C5967114 /* EnergyTradeAttributes.swift */; };
		256BAD4C823BCB6E6513E86A /* ColorHex.swift in Sources */ = {isa = PBXBuildFile; fileRef = 540F986167AF5A0F6811FD7E /* ColorHex.swift */; };
		2C7131FF5749A96958603E7C /* TxReceiptAttributes.swift in Sources */ = {isa = PBXBuildFile; fileRef = 5F2DD6ED46A3A80CD0BD7775 /* TxReceiptAttributes.swift */; };
		2CCE2104E3B521107CDB11E0 /* EnergyTradeAttributes.swift in Sources */ = {isa = PBXBuildFile; fileRef = EE3759935088A511C5967114 /* EnergyTradeAttributes.swift */; };
		34124EC2F11D4B2BB091C719 /* EnergyTradeIsland.swift in Sources */ = {isa = PBXBuildFile; fileRef = 2CE4C841FD96CAAD5888CEF2 /* EnergyTradeIsland.swift */; };
		47382BF39BB1AE93C6F9096E /* EnergyIslandWidget.appex in Embed Foundation Extensions */ = {isa = PBXBuildFile; fileRef = 715CC77014268F765DEC1E7C /* EnergyIslandWidget.appex */; settings = {ATTRIBUTES = (RemoveHeadersOnCopy, ); }; };
		5544FECE6229FC459CD7BE40 /* TxReceiptIsland.swift in Sources */ = {isa = PBXBuildFile; fileRef = F5D2136D5A73E7A6DA887273 /* TxReceiptIsland.swift */; };
		A154DFAD7F96DDE2B6A4EF6B /* EnergyIslandWidgetBundle.swift in Sources */ = {isa = PBXBuildFile; fileRef = AAFE070DF4359213D07772AE /* EnergyIslandWidgetBundle.swift */; };
		A604645CD0D6F9876C8C0FDA /* TxReceiptAttributes.swift in Sources */ = {isa = PBXBuildFile; fileRef = 5F2DD6ED46A3A80CD0BD7775 /* TxReceiptAttributes.swift */; };
		A97AA1C005114F38435827FC /* TxReceiptIsland.swift in Sources */ = {isa = PBXBuildFile; fileRef = F5D2136D5A73E7A6DA887273 /* TxReceiptIsland.swift */; };
		D3B298F624957669829119E9 /* TxLiveActivity.swift in Sources */ = {isa = PBXBuildFile; fileRef = BE297EA94358D6D3947B9604 /* TxLiveActivity.swift */; };
		E0DB39047D3317016CB0BDA4 /* Foundation.framework in Frameworks */ = {isa = PBXBuildFile; fileRef = 1F48C835D4201C7FABA5117E /* Foundation.framework */; };
		F96C1E63F29066CAF20F6FD4 /* EnergyIslandLiveActivity.swift in Sources */ = {isa = PBXBuildFile; fileRef = B14D8212448B2F5B191995F1 /* EnergyIslandLiveActivity.swift */; };
/* End PBXBuildFile section */

/* Begin PBXContainerItemProxy section */
		109A9E687046F3E1CDE87483 /* PBXContainerItemProxy */ = {
			isa = PBXContainerItemProxy;
			containerPortal = 89D920EB2FE68FA1001C2748 /* Project object */;
			proxyType = 1;
			remoteGlobalIDString = FC070220FD1C38D00852057A;
			remoteInfo = EnergyIslandWidget;
		};
		89D921032FE68FA2001C2748 /* PBXContainerItemProxy */ = {
			isa = PBXContainerItemProxy;
			containerPortal = 89D920EB2FE68FA1001C2748 /* Project object */;
			proxyType = 1;
			remoteGlobalIDString = 89D920F22FE68FA1001C2748;
			remoteInfo = gridtokexios;
		};
		89D9210D2FE68FA2001C2748 /* PBXContainerItemProxy */ = {
			isa = PBXContainerItemProxy;
			containerPortal = 89D920EB2FE68FA1001C2748 /* Project object */;
			proxyType = 1;
			remoteGlobalIDString = 89D920F22FE68FA1001C2748;
			remoteInfo = gridtokexios;
		};
/* End PBXContainerItemProxy section */

/* Begin PBXCopyFilesBuildPhase section */
		2E42FA4ED18150DE95AE443C /* Embed Foundation Extensions */ = {
			isa = PBXCopyFilesBuildPhase;
			buildActionMask = 2147483647;
			dstPath = "";
			dstSubfolderSpec = 13;
			files = (
				47382BF39BB1AE93C6F9096E /* EnergyIslandWidget.appex in Embed Foundation Extensions */,
			);
			name = "Embed Foundation Extensions";
			runOnlyForDeploymentPostprocessing = 0;
		};
/* End PBXCopyFilesBuildPhase section */

/* Begin PBXFileReference section */
		1F48C835D4201C7FABA5117E /* Foundation.framework */ = {isa = PBXFileReference; lastKnownFileType = wrapper.framework; name = Foundation.framework; path = Platforms/iPhoneOS.platform/Developer/SDKs/iPhoneOS18.0.sdk/System/Library/Frameworks/Foundation.framework; sourceTree = DEVELOPER_DIR; };
		2CE4C841FD96CAAD5888CEF2 /* EnergyTradeIsland.swift */ = {isa = PBXFileReference; includeInIndex = 1; lastKnownFileType = sourcecode.swift; path = EnergyTradeIsland.swift; sourceTree = "<group>"; };
		540F986167AF5A0F6811FD7E /* ColorHex.swift */ = {isa = PBXFileReference; includeInIndex = 1; lastKnownFileType = sourcecode.swift; path = ColorHex.swift; sourceTree = "<group>"; };
		5F2DD6ED46A3A80CD0BD7775 /* TxReceiptAttributes.swift */ = {isa = PBXFileReference; includeInIndex = 1; lastKnownFileType = sourcecode.swift; path = TxReceiptAttributes.swift; sourceTree = "<group>"; };
		715CC77014268F765DEC1E7C /* EnergyIslandWidget.appex */ = {isa = PBXFileReference; explicitFileType = "wrapper.app-extension"; includeInIndex = 0; path = EnergyIslandWidget.appex; sourceTree = BUILT_PRODUCTS_DIR; };
		89D920F32FE68FA1001C2748 /* gridtokexios.app */ = {isa = PBXFileReference; explicitFileType = wrapper.application; includeInIndex = 0; path = gridtokexios.app; sourceTree = BUILT_PRODUCTS_DIR; };
		89D921022FE68FA2001C2748 /* gridtokexiosTests.xctest */ = {isa = PBXFileReference; explicitFileType = wrapper.cfbundle; includeInIndex = 0; path = gridtokexiosTests.xctest; sourceTree = BUILT_PRODUCTS_DIR; };
		89D9210C2FE68FA2001C2748 /* gridtokexiosUITests.xctest */ = {isa = PBXFileReference; explicitFileType = wrapper.cfbundle; includeInIndex = 0; path = gridtokexiosUITests.xctest; sourceTree = BUILT_PRODUCTS_DIR; };
		AAFE070DF4359213D07772AE /* EnergyIslandWidgetBundle.swift */ = {isa = PBXFileReference; includeInIndex = 1; lastKnownFileType = sourcecode.swift; path = EnergyIslandWidgetBundle.swift; sourceTree = "<group>"; };
		B14D8212448B2F5B191995F1 /* EnergyIslandLiveActivity.swift */ = {isa = PBXFileReference; includeInIndex = 1; lastKnownFileType = sourcecode.swift; path = EnergyIslandLiveActivity.swift; sourceTree = "<group>"; };
		B2DCA13A6830150C994DDE8E /* Info.plist */ = {isa = PBXFileReference; includeInIndex = 1; lastKnownFileType = text.plist.xml; path = Info.plist; sourceTree = "<group>"; };
		BE297EA94358D6D3947B9604 /* TxLiveActivity.swift */ = {isa = PBXFileReference; includeInIndex = 1; lastKnownFileType = sourcecode.swift; path = TxLiveActivity.swift; sourceTree = "<group>"; };
		EE3759935088A511C5967114 /* EnergyTradeAttributes.swift */ = {isa = PBXFileReference; includeInIndex = 1; lastKnownFileType = sourcecode.swift; path = EnergyTradeAttributes.swift; sourceTree = "<group>"; };
		F5D2136D5A73E7A6DA887273 /* TxReceiptIsland.swift */ = {isa = PBXFileReference; includeInIndex = 1; lastKnownFileType = sourcecode.swift; path = TxReceiptIsland.swift; sourceTree = "<group>"; };
/* End PBXFileReference section */

/* Begin PBXFileSystemSynchronizedRootGroup section */
		89D920F52FE68FA1001C2748 /* gridtokexios */ = {
			isa = PBXFileSystemSynchronizedRootGroup;
			exceptions = (
			);
			path = gridtokexios;
			sourceTree = "<group>";
		};
		89D921052FE68FA2001C2748 /* gridtokexiosTests */ = {
			isa = PBXFileSystemSynchronizedRootGroup;
			exceptions = (
			);
			path = gridtokexiosTests;
			sourceTree = "<group>";
		};
		89D9210F2FE68FA2001C2748 /* gridtokexiosUITests */ = {
			isa = PBXFileSystemSynchronizedRootGroup;
			exceptions = (
			);
			path = gridtokexiosUITests;
			sourceTree = "<group>";
		};
/* End PBXFileSystemSynchronizedRootGroup section */

/* Begin PBXFrameworksBuildPhase section */
		89D920F02FE68FA1001C2748 /* Frameworks */ = {
			isa = PBXFrameworksBuildPhase;
			buildActionMask = 2147483647;
			files = (
			);
			runOnlyForDeploymentPostprocessing = 0;
		};
		89D920FF2FE68FA2001C2748 /* Frameworks */ = {
			isa = PBXFrameworksBuildPhase;
			buildActionMask = 2147483647;
			files = (
			);
			runOnlyForDeploymentPostprocessing = 0;
		};
		89D921092FE68FA2001C2748 /* Frameworks */ = {
			isa = PBXFrameworksBuildPhase;
			buildActionMask = 2147483647;
			files = (
			);
			runOnlyForDeploymentPostprocessing = 0;
		};
		CF7BD82B264AF25334E22E41 /* Frameworks */ = {
			isa = PBXFrameworksBuildPhase;
			buildActionMask = 2147483647;
			files = (
				E0DB39047D3317016CB0BDA4 /* Foundation.framework in Frameworks */,
			);
			runOnlyForDeploymentPostprocessing = 0;
		};
/* End PBXFrameworksBuildPhase section */

/* Begin PBXGroup section */
		08640B9B721A90F8AB97DFD5 /* EnergyIslandWidget */ = {
			isa = PBXGroup;
			children = (
				2CE4C841FD96CAAD5888CEF2 /* EnergyTradeIsland.swift */,
				EE3759935088A511C5967114 /* EnergyTradeAttributes.swift */,
				540F986167AF5A0F6811FD7E /* ColorHex.swift */,
				B14D8212448B2F5B191995F1 /* EnergyIslandLiveActivity.swift */,
				AAFE070DF4359213D07772AE /* EnergyIslandWidgetBundle.swift */,
				B2DCA13A6830150C994DDE8E /* Info.plist */,
				F5D2136D5A73E7A6DA887273 /* TxReceiptIsland.swift */,
				5F2DD6ED46A3A80CD0BD7775 /* TxReceiptAttributes.swift */,
				BE297EA94358D6D3947B9604 /* TxLiveActivity.swift */,
			);
			name = EnergyIslandWidget;
			path = EnergyIslandWidget;
			sourceTree = SOURCE_ROOT;
		};
		1B42049BCA341C2C15736DEE /* iOS */ = {
			isa = PBXGroup;
			children = (
				1F48C835D4201C7FABA5117E /* Foundation.framework */,
			);
			name = iOS;
			sourceTree = "<group>";
		};
		89D920EA2FE68FA1001C2748 = {
			isa = PBXGroup;
			children = (
				89D920F52FE68FA1001C2748 /* gridtokexios */,
				89D921052FE68FA2001C2748 /* gridtokexiosTests */,
				89D9210F2FE68FA2001C2748 /* gridtokexiosUITests */,
				89D920F42FE68FA1001C2748 /* Products */,
				E21AFF9308BF924E70ADCF1F /* Frameworks */,
				08640B9B721A90F8AB97DFD5 /* EnergyIslandWidget */,
			);
			sourceTree = "<group>";
		};
		89D920F42FE68FA1001C2748 /* Products */ = {
			isa = PBXGroup;
			children = (
				89D920F32FE68FA1001C2748 /* gridtokexios.app */,
				89D921022FE68FA2001C2748 /* gridtokexiosTests.xctest */,
				89D9210C2FE68FA2001C2748 /* gridtokexiosUITests.xctest */,
				715CC77014268F765DEC1E7C /* EnergyIslandWidget.appex */,
			);
			name = Products;
			sourceTree = "<group>";
		};
		E21AFF9308BF924E70ADCF1F /* Frameworks */ = {
			isa = PBXGroup;
			children = (
				1B42049BCA341C2C15736DEE /* iOS */,
			);
			name = Frameworks;
			sourceTree = "<group>";
		};
/* End PBXGroup section */

/* Begin PBXNativeTarget section */
		89D920F22FE68FA1001C2748 /* gridtokexios */ = {
			isa = PBXNativeTarget;
			buildConfigurationList = 89D921162FE68FA2001C2748 /* Build configuration list for PBXNativeTarget "gridtokexios" */;
			buildPhases = (
				89D920EF2FE68FA1001C2748 /* Sources */,
				89D920F02FE68FA1001C2748 /* Frameworks */,
				89D920F12FE68FA1001C2748 /* Resources */,
				2E42FA4ED18150DE95AE443C /* Embed Foundation Extensions */,
			);
			buildRules = (
			);
			dependencies = (
				97A67D14A633F4A8AE60F298 /* PBXTargetDependency */,
			);
			fileSystemSynchronizedGroups = (
				89D920F52FE68FA1001C2748 /* gridtokexios */,
			);
			name = gridtokexios;
			productName = gridtokexios;
			productReference = 89D920F32FE68FA1001C2748 /* gridtokexios.app */;
			productType = "com.apple.product-type.application";
		};
		89D921012FE68FA2001C2748 /* gridtokexiosTests */ = {
			isa = PBXNativeTarget;
			buildConfigurationList = 89D921192FE68FA2001C2748 /* Build configuration list for PBXNativeTarget "gridtokexiosTests" */;
			buildPhases = (
				89D920FE2FE68FA2001C2748 /* Sources */,
				89D920FF2FE68FA2001C2748 /* Frameworks */,
				89D921002FE68FA2001C2748 /* Resources */,
			);
			buildRules = (
			);
			dependencies = (
				89D921042FE68FA2001C2748 /* PBXTargetDependency */,
			);
			fileSystemSynchronizedGroups = (
				89D921052FE68FA2001C2748 /* gridtokexiosTests */,
			);
			name = gridtokexiosTests;
			productName = gridtokexiosTests;
			productReference = 89D921022FE68FA2001C2748 /* gridtokexiosTests.xctest */;
			productType = "com.apple.product-type.bundle.unit-test";
		};
		89D9210B2FE68FA2001C2748 /* gridtokexiosUITests */ = {
			isa = PBXNativeTarget;
			buildConfigurationList = 89D9211C2FE68FA2001C2748 /* Build configuration list for PBXNativeTarget "gridtokexiosUITests" */;
			buildPhases = (
				89D921082FE68FA2001C2748 /* Sources */,
				89D921092FE68FA2001C2748 /* Frameworks */,
				89D9210A2FE68FA2001C2748 /* Resources */,
			);
			buildRules = (
			);
			dependencies = (
				89D9210E2FE68FA2001C2748 /* PBXTargetDependency */,
			);
			fileSystemSynchronizedGroups = (
				89D9210F2FE68FA2001C2748 /* gridtokexiosUITests */,
			);
			name = gridtokexiosUITests;
			productName = gridtokexiosUITests;
			productReference = 89D9210C2FE68FA2001C2748 /* gridtokexiosUITests.xctest */;
			productType = "com.apple.product-type.bundle.ui-testing";
		};
		FC070220FD1C38D00852057A /* EnergyIslandWidget */ = {
			isa = PBXNativeTarget;
			buildConfigurationList = 5A801A060AE63C39617B3E9F /* Build configuration list for PBXNativeTarget "EnergyIslandWidget" */;
			buildPhases = (
				96C5C8B0CEC0CBF6073064EA /* Sources */,
				CF7BD82B264AF25334E22E41 /* Frameworks */,
				B52F26401A987F43B3F55C23 /* Resources */,
			);
			buildRules = (
			);
			dependencies = (
			);
			name = EnergyIslandWidget;
			productName = EnergyIslandWidget;
			productReference = 715CC77014268F765DEC1E7C /* EnergyIslandWidget.appex */;
			productType = "com.apple.product-type.app-extension";
		};
/* End PBXNativeTarget section */

/* Begin PBXProject section */
		89D920EB2FE68FA1001C2748 /* Project object */ = {
			isa = PBXProject;
			attributes = {
				BuildIndependentTargetsInParallel = 1;
				LastSwiftUpdateCheck = 2650;
				LastUpgradeCheck = 2650;
				TargetAttributes = {
					89D920F22FE68FA1001C2748 = {
						CreatedOnToolsVersion = 26.5;
					};
					89D921012FE68FA2001C2748 = {
						CreatedOnToolsVersion = 26.5;
						TestTargetID = 89D920F22FE68FA1001C2748;
					};
					89D9210B2FE68FA2001C2748 = {
						CreatedOnToolsVersion = 26.5;
						TestTargetID = 89D920F22FE68FA1001C2748;
					};
				};
			};
			buildConfigurationList = 89D920EE2FE68FA1001C2748 /* Build configuration list for PBXProject "gridtokexios" */;
			developmentRegion = en;
			hasScannedForEncodings = 0;
			knownRegions = (
				en,
				Base,
			);
			mainGroup = 89D920EA2FE68FA1001C2748;
			minimizedProjectReferenceProxies = 1;
			preferredProjectObjectVersion = 77;
			productRefGroup = 89D920F42FE68FA1001C2748 /* Products */;
			projectDirPath = "";
			projectRoot = "";
			targets = (
				89D920F22FE68FA1001C2748 /* gridtokexios */,
				89D921012FE68FA2001C2748 /* gridtokexiosTests */,
				89D9210B2FE68FA2001C2748 /* gridtokexiosUITests */,
				FC070220FD1C38D00852057A /* EnergyIslandWidget */,
			);
		};
/* End PBXProject section */

/* Begin PBXResourcesBuildPhase section */
		89D920F12FE68FA1001C2748 /* Resources */ = {
			isa = PBXResourcesBuildPhase;
			buildActionMask = 2147483647;
			files = (
			);
			runOnlyForDeploymentPostprocessing = 0;
		};
		89D921002FE68FA2001C2748 /* Resources */ = {
			isa = PBXResourcesBuildPhase;
			buildActionMask = 2147483647;
			files = (
			);
			runOnlyForDeploymentPostprocessing = 0;
		};
		89D9210A2FE68FA2001C2748 /* Resources */ = {
			isa = PBXResourcesBuildPhase;
			buildActionMask = 2147483647;
			files = (
			);
			runOnlyForDeploymentPostprocessing = 0;
		};
		B52F26401A987F43B3F55C23 /* Resources */ = {
			isa = PBXResourcesBuildPhase;
			buildActionMask = 2147483647;
			files = (
			);
			runOnlyForDeploymentPostprocessing = 0;
		};
/* End PBXResourcesBuildPhase section */

/* Begin PBXSourcesBuildPhase section */
		89D920EF2FE68FA1001C2748 /* Sources */ = {
			isa = PBXSourcesBuildPhase;
			buildActionMask = 2147483647;
			files = (
				03B5438104B0D5A92C92FB85 /* EnergyTradeIsland.swift in Sources */,
				1AF977C3403EFCE95D8B8D2F /* EnergyTradeAttributes.swift in Sources */,
				5544FECE6229FC459CD7BE40 /* TxReceiptIsland.swift in Sources */,
				A604645CD0D6F9876C8C0FDA /* TxReceiptAttributes.swift in Sources */,
			);
			runOnlyForDeploymentPostprocessing = 0;
		};
		89D920FE2FE68FA2001C2748 /* Sources */ = {
			isa = PBXSourcesBuildPhase;
			buildActionMask = 2147483647;
			files = (
			);
			runOnlyForDeploymentPostprocessing = 0;
		};
		89D921082FE68FA2001C2748 /* Sources */ = {
			isa = PBXSourcesBuildPhase;
			buildActionMask = 2147483647;
			files = (
			);
			runOnlyForDeploymentPostprocessing = 0;
		};
		96C5C8B0CEC0CBF6073064EA /* Sources */ = {
			isa = PBXSourcesBuildPhase;
			buildActionMask = 2147483647;
			files = (
				34124EC2F11D4B2BB091C719 /* EnergyTradeIsland.swift in Sources */,
				2CCE2104E3B521107CDB11E0 /* EnergyTradeAttributes.swift in Sources */,
				256BAD4C823BCB6E6513E86A /* ColorHex.swift in Sources */,
				F96C1E63F29066CAF20F6FD4 /* EnergyIslandLiveActivity.swift in Sources */,
				A154DFAD7F96DDE2B6A4EF6B /* EnergyIslandWidgetBundle.swift in Sources */,
				A97AA1C005114F38435827FC /* TxReceiptIsland.swift in Sources */,
				2C7131FF5749A96958603E7C /* TxReceiptAttributes.swift in Sources */,
				D3B298F624957669829119E9 /* TxLiveActivity.swift in Sources */,
			);
			runOnlyForDeploymentPostprocessing = 0;
		};
/* End PBXSourcesBuildPhase section */

/* Begin PBXTargetDependency section */
		89D921042FE68FA2001C2748 /* PBXTargetDependency */ = {
			isa = PBXTargetDependency;
			target = 89D920F22FE68FA1001C2748 /* gridtokexios */;
			targetProxy = 89D921032FE68FA2001C2748 /* PBXContainerItemProxy */;
		};
		89D9210E2FE68FA2001C2748 /* PBXTargetDependency */ = {
			isa = PBXTargetDependency;
			target = 89D920F22FE68FA1001C2748 /* gridtokexios */;
			targetProxy = 89D9210D2FE68FA2001C2748 /* PBXContainerItemProxy */;
		};
		97A67D14A633F4A8AE60F298 /* PBXTargetDependency */ = {
			isa = PBXTargetDependency;
			name = EnergyIslandWidget;
			target = FC070220FD1C38D00852057A /* EnergyIslandWidget */;
			targetProxy = 109A9E687046F3E1CDE87483 /* PBXContainerItemProxy */;
		};
/* End PBXTargetDependency section */

/* Begin XCBuildConfiguration section */
		89D921142FE68FA2001C2748 /* Debug */ = {
			isa = XCBuildConfiguration;
			buildSettings = {
				ALWAYS_SEARCH_USER_PATHS = NO;
				ASSETCATALOG_COMPILER_GENERATE_SWIFT_ASSET_SYMBOL_EXTENSIONS = YES;
				CLANG_ANALYZER_NONNULL = YES;
				CLANG_ANALYZER_NUMBER_OBJECT_CONVERSION = YES_AGGRESSIVE;
				CLANG_CXX_LANGUAGE_STANDARD = "gnu++20";
				CLANG_ENABLE_MODULES = YES;
				CLANG_ENABLE_OBJC_ARC = YES;
				CLANG_ENABLE_OBJC_WEAK = YES;
				CLANG_WARN_BLOCK_CAPTURE_AUTORELEASING = YES;
				CLANG_WARN_BOOL_CONVERSION = YES;
				CLANG_WARN_COMMA = YES;
				CLANG_WARN_CONSTANT_CONVERSION = YES;
				CLANG_WARN_DEPRECATED_OBJC_IMPLEMENTATIONS = YES;
				CLANG_WARN_DIRECT_OBJC_ISA_USAGE = YES_ERROR;
				CLANG_WARN_DOCUMENTATION_COMMENTS = YES;
				CLANG_WARN_EMPTY_BODY = YES;
				CLANG_WARN_ENUM_CONVERSION = YES;
				CLANG_WARN_INFINITE_RECURSION = YES;
				CLANG_WARN_INT_CONVERSION = YES;
				CLANG_WARN_NON_LITERAL_NULL_CONVERSION = YES;
				CLANG_WARN_OBJC_IMPLICIT_RETAIN_SELF = YES;
				CLANG_WARN_OBJC_LITERAL_CONVERSION = YES;
				CLANG_WARN_OBJC_ROOT_CLASS = YES_ERROR;
				CLANG_WARN_QUOTED_INCLUDE_IN_FRAMEWORK_HEADER = YES;
				CLANG_WARN_RANGE_LOOP_ANALYSIS = YES;
				CLANG_WARN_STRICT_PROTOTYPES = YES;
				CLANG_WARN_SUSPICIOUS_MOVE = YES;
				CLANG_WARN_UNGUARDED_AVAILABILITY = YES_AGGRESSIVE;
				CLANG_WARN_UNREACHABLE_CODE = YES;
				CLANG_WARN__DUPLICATE_METHOD_MATCH = YES;
				COPY_PHASE_STRIP = NO;
				DEBUG_INFORMATION_FORMAT = dwarf;
				ENABLE_STRICT_OBJC_MSGSEND = YES;
				ENABLE_TESTABILITY = YES;
				ENABLE_USER_SCRIPT_SANDBOXING = YES;
				GCC_C_LANGUAGE_STANDARD = gnu17;
				GCC_DYNAMIC_NO_PIC = NO;
				GCC_NO_COMMON_BLOCKS = YES;
				GCC_OPTIMIZATION_LEVEL = 0;
				GCC_PREPROCESSOR_DEFINITIONS = (
					"DEBUG=1",
					"$(inherited)",
				);
				GCC_WARN_64_TO_32_BIT_CONVERSION = YES;
				GCC_WARN_ABOUT_RETURN_TYPE = YES_ERROR;
				GCC_WARN_UNDECLARED_SELECTOR = YES;
				GCC_WARN_UNINITIALIZED_AUTOS = YES_AGGRESSIVE;
				GCC_WARN_UNUSED_FUNCTION = YES;
				GCC_WARN_UNUSED_VARIABLE = YES;
				IPHONEOS_DEPLOYMENT_TARGET = 26.5;
				LOCALIZATION_PREFERS_STRING_CATALOGS = YES;
				MTL_ENABLE_DEBUG_INFO = INCLUDE_SOURCE;
				MTL_FAST_MATH = YES;
				ONLY_ACTIVE_ARCH = YES;
				SDKROOT = iphoneos;
				SWIFT_ACTIVE_COMPILATION_CONDITIONS = "DEBUG $(inherited)";
				SWIFT_OPTIMIZATION_LEVEL = "-Onone";
			};
			name = Debug;
		};
		89D921152FE68FA2001C2748 /* Release */ = {
			isa = XCBuildConfiguration;
			buildSettings = {
				ALWAYS_SEARCH_USER_PATHS = NO;
				ASSETCATALOG_COMPILER_GENERATE_SWIFT_ASSET_SYMBOL_EXTENSIONS = YES;
				CLANG_ANALYZER_NONNULL = YES;
				CLANG_ANALYZER_NUMBER_OBJECT_CONVERSION = YES_AGGRESSIVE;
				CLANG_CXX_LANGUAGE_STANDARD = "gnu++20";
				CLANG_ENABLE_MODULES = YES;
				CLANG_ENABLE_OBJC_ARC = YES;
				CLANG_ENABLE_OBJC_WEAK = YES;
				CLANG_WARN_BLOCK_CAPTURE_AUTORELEASING = YES;
				CLANG_WARN_BOOL_CONVERSION = YES;
				CLANG_WARN_COMMA = YES;
				CLANG_WARN_CONSTANT_CONVERSION = YES;
				CLANG_WARN_DEPRECATED_OBJC_IMPLEMENTATIONS = YES;
				CLANG_WARN_DIRECT_OBJC_ISA_USAGE = YES_ERROR;
				CLANG_WARN_DOCUMENTATION_COMMENTS = YES;
				CLANG_WARN_EMPTY_BODY = YES;
				CLANG_WARN_ENUM_CONVERSION = YES;
				CLANG_WARN_INFINITE_RECURSION = YES;
				CLANG_WARN_INT_CONVERSION = YES;
				CLANG_WARN_NON_LITERAL_NULL_CONVERSION = YES;
				CLANG_WARN_OBJC_IMPLICIT_RETAIN_SELF = YES;
				CLANG_WARN_OBJC_LITERAL_CONVERSION = YES;
				CLANG_WARN_OBJC_ROOT_CLASS = YES_ERROR;
				CLANG_WARN_QUOTED_INCLUDE_IN_FRAMEWORK_HEADER = YES;
				CLANG_WARN_RANGE_LOOP_ANALYSIS = YES;
				CLANG_WARN_STRICT_PROTOTYPES = YES;
				CLANG_WARN_SUSPICIOUS_MOVE = YES;
				CLANG_WARN_UNGUARDED_AVAILABILITY = YES_AGGRESSIVE;
				CLANG_WARN_UNREACHABLE_CODE = YES;
				CLANG_WARN__DUPLICATE_METHOD_MATCH = YES;
				COPY_PHASE_STRIP = NO;
				DEBUG_INFORMATION_FORMAT = "dwarf-with-dsym";
				ENABLE_NS_ASSERTIONS = NO;
				ENABLE_STRICT_OBJC_MSGSEND = YES;
				ENABLE_USER_SCRIPT_SANDBOXING = YES;
				GCC_C_LANGUAGE_STANDARD = gnu17;
				GCC_NO_COMMON_BLOCKS = YES;
				GCC_WARN_64_TO_32_BIT_CONVERSION = YES;
				GCC_WARN_ABOUT_RETURN_TYPE = YES_ERROR;
				GCC_WARN_UNDECLARED_SELECTOR = YES;
				GCC_WARN_UNINITIALIZED_AUTOS = YES_AGGRESSIVE;
				GCC_WARN_UNUSED_FUNCTION = YES;
				GCC_WARN_UNUSED_VARIABLE = YES;
				IPHONEOS_DEPLOYMENT_TARGET = 26.5;
				LOCALIZATION_PREFERS_STRING_CATALOGS = YES;
				MTL_ENABLE_DEBUG_INFO = NO;
				MTL_FAST_MATH = YES;
				SDKROOT = iphoneos;
				SWIFT_COMPILATION_MODE = wholemodule;
				VALIDATE_PRODUCT = YES;
			};
			name = Release;
		};
		89D921172FE68FA2001C2748 /* Debug */ = {
			isa = XCBuildConfiguration;
			buildSettings = {
				ASSETCATALOG_COMPILER_APPICON_NAME = AppIcon;
				ASSETCATALOG_COMPILER_GLOBAL_ACCENT_COLOR_NAME = AccentColor;
				CODE_SIGN_STYLE = Automatic;
				CURRENT_PROJECT_VERSION = 1;
				ENABLE_PREVIEWS = YES;
				GENERATE_INFOPLIST_FILE = YES;
				INFOPLIST_KEY_NSSupportsLiveActivities = YES;
				INFOPLIST_KEY_UIApplicationSceneManifest_Generation = YES;
				INFOPLIST_KEY_UIApplicationSupportsIndirectInputEvents = YES;
				INFOPLIST_KEY_UILaunchScreen_Generation = YES;
				INFOPLIST_KEY_UISupportedInterfaceOrientations_iPad = "UIInterfaceOrientationPortrait UIInterfaceOrientationPortraitUpsideDown UIInterfaceOrientationLandscapeLeft UIInterfaceOrientationLandscapeRight";
				INFOPLIST_KEY_UISupportedInterfaceOrientations_iPhone = "UIInterfaceOrientationPortrait UIInterfaceOrientationLandscapeLeft UIInterfaceOrientationLandscapeRight";
				LD_RUNPATH_SEARCH_PATHS = (
					"$(inherited)",
					"@executable_path/Frameworks",
				);
				MARKETING_VERSION = 1.0;
				OTHER_LDFLAGS = (
					"-Xlinker",
					"-interposable",
				);
				PRODUCT_BUNDLE_IDENTIFIER = gridtokenx.gridtokexios;
				PRODUCT_NAME = "$(TARGET_NAME)";
				STRING_CATALOG_GENERATE_SYMBOLS = YES;
				SWIFT_APPROACHABLE_CONCURRENCY = YES;
				SWIFT_DEFAULT_ACTOR_ISOLATION = MainActor;
				SWIFT_EMIT_LOC_STRINGS = YES;
				SWIFT_UPCOMING_FEATURE_MEMBER_IMPORT_VISIBILITY = YES;
				SWIFT_VERSION = 5.0;
				TARGETED_DEVICE_FAMILY = "1,2";
			};
			name = Debug;
		};
		89D921182FE68FA2001C2748 /* Release */ = {
			isa = XCBuildConfiguration;
			buildSettings = {
				ASSETCATALOG_COMPILER_APPICON_NAME = AppIcon;
				ASSETCATALOG_COMPILER_GLOBAL_ACCENT_COLOR_NAME = AccentColor;
				CODE_SIGN_STYLE = Automatic;
				CURRENT_PROJECT_VERSION = 1;
				ENABLE_PREVIEWS = YES;
				GENERATE_INFOPLIST_FILE = YES;
				INFOPLIST_KEY_NSSupportsLiveActivities = YES;
				INFOPLIST_KEY_UIApplicationSceneManifest_Generation = YES;
				INFOPLIST_KEY_UIApplicationSupportsIndirectInputEvents = YES;
				INFOPLIST_KEY_UILaunchScreen_Generation = YES;
				INFOPLIST_KEY_UISupportedInterfaceOrientations_iPad = "UIInterfaceOrientationPortrait UIInterfaceOrientationPortraitUpsideDown UIInterfaceOrientationLandscapeLeft UIInterfaceOrientationLandscapeRight";
				INFOPLIST_KEY_UISupportedInterfaceOrientations_iPhone = "UIInterfaceOrientationPortrait UIInterfaceOrientationLandscapeLeft UIInterfaceOrientationLandscapeRight";
				LD_RUNPATH_SEARCH_PATHS = (
					"$(inherited)",
					"@executable_path/Frameworks",
				);
				MARKETING_VERSION = 1.0;
				PRODUCT_BUNDLE_IDENTIFIER = gridtokenx.gridtokexios;
				PRODUCT_NAME = "$(TARGET_NAME)";
				STRING_CATALOG_GENERATE_SYMBOLS = YES;
				SWIFT_APPROACHABLE_CONCURRENCY = YES;
				SWIFT_DEFAULT_ACTOR_ISOLATION = MainActor;
				SWIFT_EMIT_LOC_STRINGS = YES;
				SWIFT_UPCOMING_FEATURE_MEMBER_IMPORT_VISIBILITY = YES;
				SWIFT_VERSION = 5.0;
				TARGETED_DEVICE_FAMILY = "1,2";
			};
			name = Release;
		};
		89D9211A2FE68FA2001C2748 /* Debug */ = {
			isa = XCBuildConfiguration;
			buildSettings = {
				BUNDLE_LOADER = "$(TEST_HOST)";
				CODE_SIGN_STYLE = Automatic;
				CURRENT_PROJECT_VERSION = 1;
				GENERATE_INFOPLIST_FILE = YES;
				IPHONEOS_DEPLOYMENT_TARGET = 26.5;
				MARKETING_VERSION = 1.0;
				PRODUCT_BUNDLE_IDENTIFIER = gridtokenx.gridtokexiosTests;
				PRODUCT_NAME = "$(TARGET_NAME)";
				STRING_CATALOG_GENERATE_SYMBOLS = NO;
				SWIFT_APPROACHABLE_CONCURRENCY = YES;
				SWIFT_EMIT_LOC_STRINGS = NO;
				SWIFT_UPCOMING_FEATURE_MEMBER_IMPORT_VISIBILITY = YES;
				SWIFT_VERSION = 5.0;
				TARGETED_DEVICE_FAMILY = "1,2";
				TEST_HOST = "$(BUILT_PRODUCTS_DIR)/gridtokexios.app/$(BUNDLE_EXECUTABLE_FOLDER_PATH)/gridtokexios";
			};
			name = Debug;
		};
		89D9211B2FE68FA2001C2748 /* Release */ = {
			isa = XCBuildConfiguration;
			buildSettings = {
				BUNDLE_LOADER = "$(TEST_HOST)";
				CODE_SIGN_STYLE = Automatic;
				CURRENT_PROJECT_VERSION = 1;
				GENERATE_INFOPLIST_FILE = YES;
				IPHONEOS_DEPLOYMENT_TARGET = 26.5;
				MARKETING_VERSION = 1.0;
				PRODUCT_BUNDLE_IDENTIFIER = gridtokenx.gridtokexiosTests;
				PRODUCT_NAME = "$(TARGET_NAME)";
				STRING_CATALOG_GENERATE_SYMBOLS = NO;
				SWIFT_APPROACHABLE_CONCURRENCY = YES;
				SWIFT_EMIT_LOC_STRINGS = NO;
				SWIFT_UPCOMING_FEATURE_MEMBER_IMPORT_VISIBILITY = YES;
				SWIFT_VERSION = 5.0;
				TARGETED_DEVICE_FAMILY = "1,2";
				TEST_HOST = "$(BUILT_PRODUCTS_DIR)/gridtokexios.app/$(BUNDLE_EXECUTABLE_FOLDER_PATH)/gridtokexios";
			};
			name = Release;
		};
		89D9211D2FE68FA2001C2748 /* Debug */ = {
			isa = XCBuildConfiguration;
			buildSettings = {
				CODE_SIGN_STYLE = Automatic;
				CURRENT_PROJECT_VERSION = 1;
				GENERATE_INFOPLIST_FILE = YES;
				MARKETING_VERSION = 1.0;
				PRODUCT_BUNDLE_IDENTIFIER = gridtokenx.gridtokexiosUITests;
				PRODUCT_NAME = "$(TARGET_NAME)";
				STRING_CATALOG_GENERATE_SYMBOLS = NO;
				SWIFT_APPROACHABLE_CONCURRENCY = YES;
				SWIFT_EMIT_LOC_STRINGS = NO;
				SWIFT_UPCOMING_FEATURE_MEMBER_IMPORT_VISIBILITY = YES;
				SWIFT_VERSION = 5.0;
				TARGETED_DEVICE_FAMILY = "1,2";
				TEST_TARGET_NAME = gridtokexios;
			};
			name = Debug;
		};
		89D9211E2FE68FA2001C2748 /* Release */ = {
			isa = XCBuildConfiguration;
			buildSettings = {
				CODE_SIGN_STYLE = Automatic;
				CURRENT_PROJECT_VERSION = 1;
				GENERATE_INFOPLIST_FILE = YES;
				MARKETING_VERSION = 1.0;
				PRODUCT_BUNDLE_IDENTIFIER = gridtokenx.gridtokexiosUITests;
				PRODUCT_NAME = "$(TARGET_NAME)";
				STRING_CATALOG_GENERATE_SYMBOLS = NO;
				SWIFT_APPROACHABLE_CONCURRENCY = YES;
				SWIFT_EMIT_LOC_STRINGS = NO;
				SWIFT_UPCOMING_FEATURE_MEMBER_IMPORT_VISIBILITY = YES;
				SWIFT_VERSION = 5.0;
				TARGETED_DEVICE_FAMILY = "1,2";
				TEST_TARGET_NAME = gridtokexios;
			};
			name = Release;
		};
		99FA17D374307FC5AAF61780 /* Debug */ = {
			isa = XCBuildConfiguration;
			buildSettings = {
				CLANG_ENABLE_OBJC_WEAK = NO;
				CODE_SIGN_STYLE = Automatic;
				CURRENT_PROJECT_VERSION = 1;
				GENERATE_INFOPLIST_FILE = YES;
				INFOPLIST_FILE = EnergyIslandWidget/Info.plist;
				INFOPLIST_KEY_CFBundleDisplayName = "Energy Island";
				IPHONEOS_DEPLOYMENT_TARGET = 26.5;
				LD_RUNPATH_SEARCH_PATHS = (
					"$(inherited)",
					"@executable_path/Frameworks",
					"@executable_path/../../Frameworks",
				);
				MARKETING_VERSION = 1.0;
				PRODUCT_BUNDLE_IDENTIFIER = gridtokenx.gridtokexios.EnergyIslandWidget;
				PRODUCT_NAME = "$(TARGET_NAME)";
				SDKROOT = iphoneos;
				SKIP_INSTALL = YES;
				SWIFT_ACTIVE_COMPILATION_CONDITIONS = DEBUG;
				SWIFT_EMIT_LOC_STRINGS = YES;
				SWIFT_VERSION = 5.0;
				TARGETED_DEVICE_FAMILY = "1,2";
			};
			name = Debug;
		};
		B6F4BDBB1F6622B86F5F5061 /* Release */ = {
			isa = XCBuildConfiguration;
			buildSettings = {
				CLANG_ENABLE_OBJC_WEAK = NO;
				CODE_SIGN_STYLE = Automatic;
				CURRENT_PROJECT_VERSION = 1;
				GENERATE_INFOPLIST_FILE = YES;
				INFOPLIST_FILE = EnergyIslandWidget/Info.plist;
				INFOPLIST_KEY_CFBundleDisplayName = "Energy Island";
				IPHONEOS_DEPLOYMENT_TARGET = 26.5;
				LD_RUNPATH_SEARCH_PATHS = (
					"$(inherited)",
					"@executable_path/Frameworks",
					"@executable_path/../../Frameworks",
				);
				MARKETING_VERSION = 1.0;
				PRODUCT_BUNDLE_IDENTIFIER = gridtokenx.gridtokexios.EnergyIslandWidget;
				PRODUCT_NAME = "$(TARGET_NAME)";
				SDKROOT = iphoneos;
				SKIP_INSTALL = YES;
				SWIFT_ACTIVE_COMPILATION_CONDITIONS = "";
				SWIFT_EMIT_LOC_STRINGS = YES;
				SWIFT_VERSION = 5.0;
				TARGETED_DEVICE_FAMILY = "1,2";
				VALIDATE_PRODUCT = YES;
			};
			name = Release;
		};
/* End XCBuildConfiguration section */

/* Begin XCConfigurationList section */
		5A801A060AE63C39617B3E9F /* Build configuration list for PBXNativeTarget "EnergyIslandWidget" */ = {
			isa = XCConfigurationList;
			buildConfigurations = (
				B6F4BDBB1F6622B86F5F5061 /* Release */,
				99FA17D374307FC5AAF61780 /* Debug */,
			);
			defaultConfigurationIsVisible = 0;
			defaultConfigurationName = Release;
		};
		89D920EE2FE68FA1001C2748 /* Build configuration list for PBXProject "gridtokexios" */ = {
			isa = XCConfigurationList;
			buildConfigurations = (
				89D921142FE68FA2001C2748 /* Debug */,
				89D921152FE68FA2001C2748 /* Release */,
			);
			defaultConfigurationIsVisible = 0;
			defaultConfigurationName = Release;
		};
		89D921162FE68FA2001C2748 /* Build configuration list for PBXNativeTarget "gridtokexios" */ = {
			isa = XCConfigurationList;
			buildConfigurations = (
				89D921172FE68FA2001C2748 /* Debug */,
				89D921182FE68FA2001C2748 /* Release */,
			);
			defaultConfigurationIsVisible = 0;
			defaultConfigurationName = Release;
		};
		89D921192FE68FA2001C2748 /* Build configuration list for PBXNativeTarget "gridtokexiosTests" */ = {
			isa = XCConfigurationList;
			buildConfigurations = (
				89D9211A2FE68FA2001C2748 /* Debug */,
				89D9211B2FE68FA2001C2748 /* Release */,
			);
			defaultConfigurationIsVisible = 0;
			defaultConfigurationName = Release;
		};
		89D9211C2FE68FA2001C2748 /* Build configuration list for PBXNativeTarget "gridtokexiosUITests" */ = {
			isa = XCConfigurationList;
			buildConfigurations = (
				89D9211D2FE68FA2001C2748 /* Debug */,
				89D9211E2FE68FA2001C2748 /* Release */,
			);
			defaultConfigurationIsVisible = 0;
			defaultConfigurationName = Release;
		};
/* End XCConfigurationList section */
	};
	rootObject = 89D920EB2FE68FA1001C2748 /* Project object */;
}
